{"format_version":"0.1","terraform_version":"0.12.20","planned_values":{"outputs":{"tls_private_key":{"sensitive":false}},"root_module":{"resources":[{"address":"azurerm_linux_virtual_machine.myterraformvm","mode":"managed","type":"azurerm_linux_virtual_machine","name":"myterraformvm","provider_name":"azurerm","schema_version":0,"values":{"additional_capabilities":[],"admin_password":null,"admin_ssh_key":[{"username":"azureuser"}],"admin_username":"azureuser","allow_extension_operations":true,"availability_set_id":null,"boot_diagnostics":[{}],"computer_name":"myvm","custom_data":null,"dedicated_host_id":null,"disable_password_authentication":true,"eviction_policy":null,"identity":[],"location":"eastus","max_bid_price":-1,"name":"myVM","os_disk":[{"caching":"ReadWrite","diff_disk_settings":[],"disk_encryption_set_id":null,"name":"myOsDisk","storage_account_type":"Premium_LRS","write_accelerator_enabled":false}],"plan":[],"priority":"Regular","provision_vm_agent":true,"proximity_placement_group_id":null,"resource_group_name":"myResourceGroup","secret":[],"size":"Standard_DS1_v2","source_image_id":null,"source_image_reference":[{"offer":"UbuntuServer","publisher":"Canonical","sku":"16.04.0-LTS","version":"latest"}],"tags":{"environment":"Terraform Demo"},"timeouts":null,"virtual_machine_scale_set_id":null}},{"address":"azurerm_network_interface.myterraformnic","mode":"managed","type":"azurerm_network_interface","name":"myterraformnic","provider_name":"azurerm","schema_version":0,"values":{"enable_accelerated_networking":false,"enable_ip_forwarding":false,"ip_configuration":[{"name":"myNicConfiguration","private_ip_address_allocation":"dynamic","private_ip_address_version":"IPv4"}],"location":"eastus","name":"myNIC","resource_group_name":"myResourceGroup","tags":{"environment":"Terraform Demo"},"timeouts":null}},{"address":"azurerm_network_interface_security_group_association.example","mode":"managed","type":"azurerm_network_interface_security_group_association","name":"example","provider_name":"azurerm","schema_version":0,"values":{"timeouts":null}},{"address":"azurerm_network_security_group.myterraformnsg","mode":"managed","type":"azurerm_network_security_group","name":"myterraformnsg","provider_name":"azurerm","schema_version":0,"values":{"location":"eastus","name":"myNetworkSecurityGroup","resource_group_name":"myResourceGroup","security_rule":[{"access":"Allow","description":"","destination_address_prefix":"*","destination_address_prefixes":[],"destination_application_security_group_ids":[],"destination_port_range":"22","destination_port_ranges":[],"direction":"Inbound","name":"SSH","priority":1001,"protocol":"Tcp","source_address_prefix":"*","source_address_prefixes":[],"source_application_security_group_ids":[],"source_port_range":"*","source_port_ranges":[]}],"tags":{"environment":"Terraform Demo"},"timeouts":null}},{"address":"azurerm_public_ip.myterraformpublicip","mode":"managed","type":"azurerm_public_ip","name":"myterraformpublicip","provider_name":"azurerm","schema_version":0,"values":{"allocation_method":"Dynamic","domain_name_label":null,"idle_timeout_in_minutes":4,"ip_version":"IPv4","location":"eastus","name":"myPublicIP","public_ip_prefix_id":null,"resource_group_name":"myResourceGroup","reverse_fqdn":null,"sku":"Basic","tags":{"environment":"Terraform Demo"},"timeouts":null,"zones":null}},{"address":"azurerm_resource_group.myterraformgroup","mode":"managed","type":"azurerm_resource_group","name":"myterraformgroup","provider_name":"azurerm","schema_version":0,"values":{"location":"eastus","name":"myResourceGroup","tags":{"environment":"Terraform Demo"},"timeouts":null}},{"address":"azurerm_storage_account.mystorageaccount","mode":"managed","type":"azurerm_storage_account","name":"mystorageaccount","provider_name":"azurerm","schema_version":2,"values":{"account_kind":"StorageV2","account_replication_type":"LRS","account_tier":"Standard","allow_blob_public_access":false,"custom_domain":[],"enable_https_traffic_only":true,"is_hns_enabled":false,"location":"eastus","resource_group_name":"myResourceGroup","static_website":[],"tags":{"environment":"Terraform Demo"},"timeouts":null}},{"address":"azurerm_subnet.myterraformsubnet","mode":"managed","type":"azurerm_subnet","name":"myterraformsubnet","provider_name":"azurerm","schema_version":0,"values":{"address_prefixes":["10.0.1.0/24"],"delegation":[],"enforce_private_link_endpoint_network_policies":false,"enforce_private_link_service_network_policies":false,"name":"mySubnet","resource_group_name":"myResourceGroup","service_endpoints":null,"timeouts":null,"virtual_network_name":"myVnet"}},{"address":"azurerm_virtual_network.myterraformnetwork","mode":"managed","type":"azurerm_virtual_network","name":"myterraformnetwork","provider_name":"azurerm","schema_version":0,"values":{"address_space":["10.0.0.0/16"],"ddos_protection_plan":[],"dns_servers":null,"location":"eastus","name":"myVnet","resource_group_name":"myResourceGroup","tags":{"environment":"Terraform Demo"},"timeouts":null}},{"address":"random_id.randomId","mode":"managed","type":"random_id","name":"randomId","provider_name":"random","schema_version":0,"values":{"byte_length":8,"keepers":{"resource_group":"myResourceGroup"},"prefix":null}},{"address":"tls_private_key.example_ssh","mode":"managed","type":"tls_private_key","name":"example_ssh","provider_name":"tls","schema_version":0,"values":{"algorithm":"RSA","ecdsa_curve":"P224","rsa_bits":4096}}]}},"resource_changes":[{"address":"azurerm_linux_virtual_machine.myterraformvm","mode":"managed","type":"azurerm_linux_virtual_machine","name":"myterraformvm","provider_name":"azurerm","change":{"actions":["create"],"before":null,"after":{"additional_capabilities":[],"admin_password":null,"admin_ssh_key":[{"username":"azureuser"}],"admin_username":"azureuser","allow_extension_operations":true,"availability_set_id":null,"boot_diagnostics":[{}],"computer_name":"myvm","custom_data":null,"dedicated_host_id":null,"disable_password_authentication":true,"eviction_policy":null,"identity":[],"location":"eastus","max_bid_price":-1,"name":"myVM","os_disk":[{"caching":"ReadWrite","diff_disk_settings":[],"disk_encryption_set_id":null,"name":"myOsDisk","storage_account_type":"Premium_LRS","write_accelerator_enabled":false}],"plan":[],"priority":"Regular","provision_vm_agent":true,"proximity_placement_group_id":null,"resource_group_name":"myResourceGroup","secret":[],"size":"Standard_DS1_v2","source_image_id":null,"source_image_reference":[{"offer":"UbuntuServer","publisher":"Canonical","sku":"16.04.0-LTS","version":"latest"}],"tags":{"environment":"Terraform Demo"},"timeouts":null,"virtual_machine_scale_set_id":null},"after_unknown":{"additional_capabilities":[],"admin_ssh_key":[{"public_key":true}],"boot_diagnostics":[{"storage_account_uri":true}],"id":true,"identity":[],"network_interface_ids":true,"os_disk":[{"diff_disk_settings":[],"disk_size_gb":true}],"plan":[],"private_ip_address":true,"private_ip_addresses":true,"public_ip_address":true,"public_ip_addresses":true,"secret":[],"source_image_reference":[{}],"tags":{},"virtual_machine_id":true,"zone":true}}},{"address":"azurerm_network_interface.myterraformnic","mode":"managed","type":"azurerm_network_interface","name":"myterraformnic","provider_name":"azurerm","change":{"actions":["create"],"before":null,"after":{"enable_accelerated_networking":false,"enable_ip_forwarding":false,"ip_configuration":[{"name":"myNicConfiguration","private_ip_address_allocation":"dynamic","private_ip_address_version":"IPv4"}],"location":"eastus","name":"myNIC","resource_group_name":"myResourceGroup","tags":{"environment":"Terraform Demo"},"timeouts":null},"after_unknown":{"applied_dns_servers":true,"dns_servers":true,"id":true,"internal_dns_name_label":true,"internal_domain_name_suffix":true,"ip_configuration":[{"primary":true,"private_ip_address":true,"public_ip_address_id":true,"subnet_id":true}],"mac_address":true,"private_ip_address":true,"private_ip_addresses":true,"tags":{},"virtual_machine_id":true}}},{"address":"azurerm_network_interface_security_group_association.example","mode":"managed","type":"azurerm_network_interface_security_group_association","name":"example","provider_name":"azurerm","change":{"actions":["create"],"before":null,"after":{"timeouts":null},"after_unknown":{"id":true,"network_interface_id":true,"network_security_group_id":true}}},{"address":"azurerm_network_security_group.myterraformnsg","mode":"managed","type":"azurerm_network_security_group","name":"myterraformnsg","provider_name":"azurerm","change":{"actions":["create"],"before":null,"after":{"location":"eastus","name":"myNetworkSecurityGroup","resource_group_name":"myResourceGroup","security_rule":[{"access":"Allow","description":"","destination_address_prefix":"*","destination_address_prefixes":[],"destination_application_security_group_ids":[],"destination_port_range":"22","destination_port_ranges":[],"direction":"Inbound","name":"SSH","priority":1001,"protocol":"Tcp","source_address_prefix":"*","source_address_prefixes":[],"source_application_security_group_ids":[],"source_port_range":"*","source_port_ranges":[]}],"tags":{"environment":"Terraform Demo"},"timeouts":null},"after_unknown":{"id":true,"security_rule":[{"destination_address_prefixes":[],"destination_application_security_group_ids":[],"destination_port_ranges":[],"source_address_prefixes":[],"source_application_security_group_ids":[],"source_port_ranges":[]}],"tags":{}}}},{"address":"azurerm_public_ip.myterraformpublicip","mode":"managed","type":"azurerm_public_ip","name":"myterraformpublicip","provider_name":"azurerm","change":{"actions":["create"],"before":null,"after":{"allocation_method":"Dynamic","domain_name_label":null,"idle_timeout_in_minutes":4,"ip_version":"IPv4","location":"eastus","name":"myPublicIP","public_ip_prefix_id":null,"resource_group_name":"myResourceGroup","reverse_fqdn":null,"sku":"Basic","tags":{"environment":"Terraform Demo"},"timeouts":null,"zones":null},"after_unknown":{"fqdn":true,"id":true,"ip_address":true,"tags":{}}}},{"address":"azurerm_resource_group.myterraformgroup","mode":"managed","type":"azurerm_resource_group","name":"myterraformgroup","provider_name":"azurerm","change":{"actions":["create"],"before":null,"after":{"location":"eastus","name":"myResourceGroup","tags":{"environment":"Terraform Demo"},"timeouts":null},"after_unknown":{"id":true,"tags":{}}}},{"address":"azurerm_storage_account.mystorageaccount","mode":"managed","type":"azurerm_storage_account","name":"mystorageaccount","provider_name":"azurerm","change":{"actions":["create"],"before":null,"after":{"account_kind":"StorageV2","account_replication_type":"LRS","account_tier":"Standard","allow_blob_public_access":false,"custom_domain":[],"enable_https_traffic_only":true,"is_hns_enabled":false,"location":"eastus","resource_group_name":"myResourceGroup","static_website":[],"tags":{"environment":"Terraform Demo"},"timeouts":null},"after_unknown":{"access_tier":true,"blob_properties":true,"custom_domain":[],"id":true,"identity":true,"name":true,"network_rules":true,"primary_access_key":true,"primary_blob_connection_string":true,"primary_blob_endpoint":true,"primary_blob_host":true,"primary_connection_string":true,"primary_dfs_endpoint":true,"primary_dfs_host":true,"primary_file_endpoint":true,"primary_file_host":true,"primary_location":true,"primary_queue_endpoint":true,"primary_queue_host":true,"primary_table_endpoint":true,"primary_table_host":true,"primary_web_endpoint":true,"primary_web_host":true,"queue_properties":true,"secondary_access_key":true,"secondary_blob_connection_string":true,"secondary_blob_endpoint":true,"secondary_blob_host":true,"secondary_connection_string":true,"secondary_dfs_endpoint":true,"secondary_dfs_host":true,"secondary_file_endpoint":true,"secondary_file_host":true,"secondary_location":true,"secondary_queue_endpoint":true,"secondary_queue_host":true,"secondary_table_endpoint":true,"secondary_table_host":true,"secondary_web_endpoint":true,"secondary_web_host":true,"static_website":[],"tags":{}}}},{"address":"azurerm_subnet.myterraformsubnet","mode":"managed","type":"azurerm_subnet","name":"myterraformsubnet","provider_name":"azurerm","change":{"actions":["create"],"before":null,"after":{"address_prefixes":["10.0.1.0/24"],"delegation":[],"enforce_private_link_endpoint_network_policies":false,"enforce_private_link_service_network_policies":false,"name":"mySubnet","resource_group_name":"myResourceGroup","service_endpoints":null,"timeouts":null,"virtual_network_name":"myVnet"},"after_unknown":{"address_prefix":true,"address_prefixes":[false],"delegation":[],"id":true}}},{"address":"azurerm_virtual_network.myterraformnetwork","mode":"managed","type":"azurerm_virtual_network","name":"myterraformnetwork","provider_name":"azurerm","change":{"actions":["create"],"before":null,"after":{"address_space":["10.0.0.0/16"],"ddos_protection_plan":[],"dns_servers":null,"location":"eastus","name":"myVnet","resource_group_name":"myResourceGroup","tags":{"environment":"Terraform Demo"},"timeouts":null},"after_unknown":{"address_space":[false],"ddos_protection_plan":[],"guid":true,"id":true,"subnet":true,"tags":{}}}},{"address":"random_id.randomId","mode":"managed","type":"random_id","name":"randomId","provider_name":"random","change":{"actions":["create"],"before":null,"after":{"byte_length":8,"keepers":{"resource_group":"myResourceGroup"},"prefix":null},"after_unknown":{"b64":true,"b64_std":true,"b64_url":true,"dec":true,"hex":true,"id":true,"keepers":{}}}},{"address":"tls_private_key.example_ssh","mode":"managed","type":"tls_private_key","name":"example_ssh","provider_name":"tls","change":{"actions":["create"],"before":null,"after":{"algorithm":"RSA","ecdsa_curve":"P224","rsa_bits":4096},"after_unknown":{"id":true,"private_key_pem":true,"public_key_fingerprint_md5":true,"public_key_openssh":true,"public_key_pem":true}}}],"output_changes":{"tls_private_key":{"actions":["create"],"before":null,"after_unknown":true}},"configuration":{"provider_config":{"azurerm":{"name":"azurerm","version_constraint":"~\u003e2.0","expressions":{"features":[{}],"skip_provider_registration":{"constant_value":true}}}},"root_module":{"outputs":{"tls_private_key":{"expression":{"references":["tls_private_key.example_ssh"]}}},"resources":[{"address":"azurerm_linux_virtual_machine.myterraformvm","mode":"managed","type":"azurerm_linux_virtual_machine","name":"myterraformvm","provider_config_key":"azurerm","expressions":{"admin_ssh_key":[{"public_key":{"references":["tls_private_key.example_ssh"]},"username":{"constant_value":"azureuser"}}],"admin_username":{"constant_value":"azureuser"},"boot_diagnostics":[{"storage_account_uri":{"references":["azurerm_storage_account.mystorageaccount"]}}],"computer_name":{"constant_value":"myvm"},"disable_password_authentication":{"constant_value":true},"location":{"constant_value":"eastus"},"name":{"constant_value":"myVM"},"network_interface_ids":{"references":["azurerm_network_interface.myterraformnic"]},"os_disk":[{"caching":{"constant_value":"ReadWrite"},"name":{"constant_value":"myOsDisk"},"storage_account_type":{"constant_value":"Premium_LRS"}}],"resource_group_name":{"references":["azurerm_resource_group.myterraformgroup"]},"size":{"constant_value":"Standard_DS1_v2"},"source_image_reference":[{"offer":{"constant_value":"UbuntuServer"},"publisher":{"constant_value":"Canonical"},"sku":{"constant_value":"16.04.0-LTS"},"version":{"constant_value":"latest"}}],"tags":{"constant_value":{"environment":"Terraform Demo"}}},"schema_version":0},{"address":"azurerm_network_interface.myterraformnic","mode":"managed","type":"azurerm_network_interface","name":"myterraformnic","provider_config_key":"azurerm","expressions":{"ip_configuration":[{"name":{"constant_value":"myNicConfiguration"},"private_ip_address_allocation":{"constant_value":"Dynamic"},"public_ip_address_id":{"references":["azurerm_public_ip.myterraformpublicip"]},"subnet_id":{"references":["azurerm_subnet.myterraformsubnet"]}}],"location":{"constant_value":"eastus"},"name":{"constant_value":"myNIC"},"resource_group_name":{"references":["azurerm_resource_group.myterraformgroup"]},"tags":{"constant_value":{"environment":"Terraform Demo"}}},"schema_version":0},{"address":"azurerm_network_interface_security_group_association.example","mode":"managed","type":"azurerm_network_interface_security_group_association","name":"example","provider_config_key":"azurerm","expressions":{"network_interface_id":{"references":["azurerm_network_interface.myterraformnic"]},"network_security_group_id":{"references":["azurerm_network_security_group.myterraformnsg"]}},"schema_version":0},{"address":"azurerm_network_security_group.myterraformnsg","mode":"managed","type":"azurerm_network_security_group","name":"myterraformnsg","provider_config_key":"azurerm","expressions":{"location":{"constant_value":"eastus"},"name":{"constant_value":"myNetworkSecurityGroup"},"resource_group_name":{"references":["azurerm_resource_group.myterraformgroup"]},"tags":{"constant_value":{"environment":"Terraform Demo"}}},"schema_version":0},{"address":"azurerm_public_ip.myterraformpublicip","mode":"managed","type":"azurerm_public_ip","name":"myterraformpublicip","provider_config_key":"azurerm","expressions":{"allocation_method":{"constant_value":"Dynamic"},"location":{"constant_value":"eastus"},"name":{"constant_value":"myPublicIP"},"resource_group_name":{"references":["azurerm_resource_group.myterraformgroup"]},"tags":{"constant_value":{"environment":"Terraform Demo"}}},"schema_version":0},{"address":"azurerm_resource_group.myterraformgroup","mode":"managed","type":"azurerm_resource_group","name":"myterraformgroup","provider_config_key":"azurerm","expressions":{"location":{"constant_value":"eastus"},"name":{"constant_value":"myResourceGroup"},"tags":{"constant_value":{"environment":"Terraform Demo"}}},"schema_version":0},{"address":"azurerm_storage_account.mystorageaccount","mode":"managed","type":"azurerm_storage_account","name":"mystorageaccount","provider_config_key":"azurerm","expressions":{"account_replication_type":{"constant_value":"LRS"},"account_tier":{"constant_value":"Standard"},"location":{"constant_value":"eastus"},"name":{"references":["random_id.randomId"]},"resource_group_name":{"references":["azurerm_resource_group.myterraformgroup"]},"tags":{"constant_value":{"environment":"Terraform Demo"}}},"schema_version":2},{"address":"azurerm_subnet.myterraformsubnet","mode":"managed","type":"azurerm_subnet","name":"myterraformsubnet","provider_config_key":"azurerm","expressions":{"address_prefixes":{"constant_value":["10.0.1.0/24"]},"name":{"constant_value":"mySubnet"},"resource_group_name":{"references":["azurerm_resource_group.myterraformgroup"]},"virtual_network_name":{"references":["azurerm_virtual_network.myterraformnetwork"]}},"schema_version":0},{"address":"azurerm_virtual_network.myterraformnetwork","mode":"managed","type":"azurerm_virtual_network","name":"myterraformnetwork","provider_config_key":"azurerm","expressions":{"address_space":{"constant_value":["10.0.0.0/16"]},"location":{"constant_value":"eastus"},"name":{"constant_value":"myVnet"},"resource_group_name":{"references":["azurerm_resource_group.myterraformgroup"]},"tags":{"constant_value":{"environment":"Terraform Demo"}}},"schema_version":0},{"address":"random_id.randomId","mode":"managed","type":"random_id","name":"randomId","provider_config_key":"random","expressions":{"byte_length":{"constant_value":8},"keepers":{"references":["azurerm_resource_group.myterraformgroup"]}},"schema_version":0},{"address":"tls_private_key.example_ssh","mode":"managed","type":"tls_private_key","name":"example_ssh","provider_config_key":"tls","expressions":{"algorithm":{"constant_value":"RSA"},"rsa_bits":{"constant_value":4096}},"schema_version":0}]}}}
